// !$*UTF8*$!
{
	archiveVersion = 1;
	classes = {
	};
	objectVersion = 50;
	objects = {

/* Begin PBXBuildFile section */
		11B279465C096D58518B204C /* Pods_FlickrService.framework in Frameworks */ = {isa = PBXBuildFile; fileRef = 23535039A4E6ADA5A3829B28 /* Pods_FlickrService.framework */; };
		EA81A092237EA603007AAAFF /* AppDelegate.swift in Sources */ = {isa = PBXBuildFile; fileRef = EA81A091237EA603007AAAFF /* AppDelegate.swift */; };
		EA81A094237EA603007AAAFF /* SceneDelegate.swift in Sources */ = {isa = PBXBuildFile; fileRef = EA81A093237EA603007AAAFF /* SceneDelegate.swift */; };
		EA81A096237EA603007AAAFF /* ViewController.swift in Sources */ = {isa = PBXBuildFile; fileRef = EA81A095237EA603007AAAFF /* ViewController.swift */; };
		EA81A099237EA603007AAAFF /* Main.storyboard in Resources */ = {isa = PBXBuildFile; fileRef = EA81A097237EA603007AAAFF /* Main.storyboard */; };
		EA81A09B237EA605007AAAFF /* Assets.xcassets in Resources */ = {isa = PBXBuildFile; fileRef = EA81A09A237EA605007AAAFF /* Assets.xcassets */; };
		EA81A09E237EA605007AAAFF /* LaunchScreen.storyboard in Resources */ = {isa = PBXBuildFile; fileRef = EA81A09C237EA605007AAAFF /* LaunchScreen.storyboard */; };
		EA81A0B0237EA676007AAAFF /* UIImageView+Extension.swift in Sources */ = {isa = PBXBuildFile; fileRef = EA81A0A7237EA675007AAAFF /* UIImageView+Extension.swift */; };
		EA81A0B1237EA676007AAAFF /* UIFont+Extension.swift in Sources */ = {isa = PBXBuildFile; fileRef = EA81A0A8237EA675007AAAFF /* UIFont+Extension.swift */; };
		EA81A0B2237EA676007AAAFF /* Constant.swift in Sources */ = {isa = PBXBuildFile; fileRef = EA81A0A9237EA675007AAAFF /* Constant.swift */; };
		EA81A0B3237EA676007AAAFF /* CAGradientLayer+Extension.swift in Sources */ = {isa = PBXBuildFile; fileRef = EA81A0AA237EA675007AAAFF /* CAGradientLayer+Extension.swift */; };
		EA81A0B4237EA676007AAAFF /* UILabel+Extension.swift in Sources */ = {isa = PBXBuildFile; fileRef = EA81A0AB237EA675007AAAFF /* UILabel+Extension.swift */; };
		EA81A0B5237EA676007AAAFF /* UIView+Layout.swift in Sources */ = {isa = PBXBuildFile; fileRef = EA81A0AC237EA675007AAAFF /* UIView+Layout.swift */; };
		EA81A0B6237EA676007AAAFF /* UIStackView+Extension.swift in Sources */ = {isa = PBXBuildFile; fileRef = EA81A0AD237EA676007AAAFF /* UIStackView+Extension.swift */; };
		EA81A0B7237EA676007AAAFF /* VerticalStackView.swift in Sources */ = {isa = PBXBuildFile; fileRef = EA81A0AE237EA676007AAAFF /* VerticalStackView.swift */; };
		EA81A0B8237EA676007AAAFF /* UIColor+Extension.swift in Sources */ = {isa = PBXBuildFile; fileRef = EA81A0AF237EA676007AAAFF /* UIColor+Extension.swift */; };
		EA81A0BB237EA695007AAAFF /* BaseListController.swift in Sources */ = {isa = PBXBuildFile; fileRef = EA81A0BA237EA695007AAAFF /* BaseListController.swift */; };
		EA81A0BD237EA6F8007AAAFF /* HomeController.swift in Sources */ = {isa = PBXBuildFile; fileRef = EA81A0BC237EA6F8007AAAFF /* HomeController.swift */; };
		EA81A0C0237EA7BF007AAAFF /* PhotoCell.swift in Sources */ = {isa = PBXBuildFile; fileRef = EA81A0BF237EA7BF007AAAFF /* PhotoCell.swift */; };
		EA81A0C2237EA7C8007AAAFF /* BaseCell.swift in Sources */ = {isa = PBXBuildFile; fileRef = EA81A0C1237EA7C8007AAAFF /* BaseCell.swift */; };
		EA81A0C5237EACE3007AAAFF /* Service.swift in Sources */ = {isa = PBXBuildFile; fileRef = EA81A0C4237EACE3007AAAFF /* Service.swift */; };
		EA81A0CA237EAF62007AAAFF /* FlickrResults.swift in Sources */ = {isa = PBXBuildFile; fileRef = EA81A0C9237EAF62007AAAFF /* FlickrResults.swift */; };
		EA81A0CD237EC26F007AAAFF /* Constants.swift in Sources */ = {isa = PBXBuildFile; fileRef = EA81A0CC237EC26F007AAAFF /* Constants.swift */; };
/* End PBXBuildFile section */

/* Begin PBXFileReference section */
		212075978CC05FA71FF89648 /* Pods-FlickrService.release.xcconfig */ = {isa = PBXFileReference; includeInIndex = 1; lastKnownFileType = text.xcconfig; name = "Pods-FlickrService.release.xcconfig"; path = "Target Support Files/Pods-FlickrService/Pods-FlickrService.release.xcconfig"; sourceTree = "<group>"; };
		23535039A4E6ADA5A3829B28 /* Pods_FlickrService.framework */ = {isa = PBXFileReference; explicitFileType = wrapper.framework; includeInIndex = 0; path = Pods_FlickrService.framework; sourceTree = BUILT_PRODUCTS_DIR; };
		EA81A08E237EA603007AAAFF /* FlickrService.app */ = {isa = PBXFileReference; explicitFileType = wrapper.application; includeInIndex = 0; path = FlickrService.app; sourceTree = BUILT_PRODUCTS_DIR; };
		EA81A091237EA603007AAAFF /* AppDelegate.swift */ = {isa = PBXFileReference; lastKnownFileType = sourcecode.swift; path = AppDelegate.swift; sourceTree = "<group>"; };
		EA81A093237EA603007AAAFF /* SceneDelegate.swift */ = {isa = PBXFileReference; lastKnownFileType = sourcecode.swift; path = SceneDelegate.swift; sourceTree = "<group>"; };
		EA81A095237EA603007AAAFF /* ViewController.swift */ = {isa = PBXFileReference; lastKnownFileType = sourcecode.swift; path = ViewController.swift; sourceTree = "<group>"; };
		EA81A098237EA603007AAAFF /* Base */ = {isa = PBXFileReference; lastKnownFileType = file.storyboard; name = Base; path = Base.lproj/Main.storyboard; sourceTree = "<group>"; };
		EA81A09A237EA605007AAAFF /* Assets.xcassets */ = {isa = PBXFileReference; lastKnownFileType = folder.assetcatalog; path = Assets.xcassets; sourceTree = "<group>"; };
		EA81A09D237EA605007AAAFF /* Base */ = {isa = PBXFileReference; lastKnownFileType = file.storyboard; name = Base; path = Base.lproj/LaunchScreen.storyboard; sourceTree = "<group>"; };
		EA81A09F237EA605007AAAFF /* Info.plist */ = {isa = PBXFileReference; lastKnownFileType = text.plist.xml; path = Info.plist; sourceTree = "<group>"; };
		EA81A0A7237EA675007AAAFF /* UIImageView+Extension.swift */ = {isa = PBXFileReference; fileEncoding = 4; lastKnownFileType = sourcecode.swift; path = "UIImageView+Extension.swift"; sourceTree = "<group>"; };
		EA81A0A8237EA675007AAAFF /* UIFont+Extension.swift */ = {isa = PBXFileReference; fileEncoding = 4; lastKnownFileType = sourcecode.swift; path = "UIFont+Extension.swift"; sourceTree = "<group>"; };
		EA81A0A9237EA675007AAAFF /* Constant.swift */ = {isa = PBXFileReference; fileEncoding = 4; lastKnownFileType = sourcecode.swift; path = Constant.swift; sourceTree = "<group>"; };
		EA81A0AA237EA675007AAAFF /* CAGradientLayer+Extension.swift */ = {isa = PBXFileReference; fileEncoding = 4; lastKnownFileType = sourcecode.swift; path = "CAGradientLayer+Extension.swift"; sourceTree = "<group>"; };
		EA81A0AB237EA675007AAAFF /* UILabel+Extension.swift */ = {isa = PBXFileReference; fileEncoding = 4; lastKnownFileType = sourcecode.swift; path = "UILabel+Extension.swift"; sourceTree = "<group>"; };
		EA81A0AC237EA675007AAAFF /* UIView+Layout.swift */ = {isa = PBXFileReference; fileEncoding = 4; lastKnownFileType = sourcecode.swift; path = "UIView+Layout.swift"; sourceTree = "<group>"; };
		EA81A0AD237EA676007AAAFF /* UIStackView+Extension.swift */ = {isa = PBXFileReference; fileEncoding = 4; lastKnownFileType = sourcecode.swift; path = "UIStackView+Extension.swift"; sourceTree = "<group>"; };
		EA81A0AE237EA676007AAAFF /* VerticalStackView.swift */ = {isa = PBXFileReference; fileEncoding = 4; lastKnownFileType = sourcecode.swift; path = VerticalStackView.swift; sourceTree = "<group>"; };
		EA81A0AF237EA676007AAAFF /* UIColor+Extension.swift */ = {isa = PBXFileReference; fileEncoding = 4; lastKnownFileType = sourcecode.swift; path = "UIColor+Extension.swift"; sourceTree = "<group>"; };
		EA81A0BA237EA695007AAAFF /* BaseListController.swift */ = {isa = PBXFileReference; lastKnownFileType = sourcecode.swift; path = BaseListController.swift; sourceTree = "<group>"; };
		EA81A0BC237EA6F8007AAAFF /* HomeController.swift */ = {isa = PBXFileReference; lastKnownFileType = sourcecode.swift; path = HomeController.swift; sourceTree = "<group>"; };
		EA81A0BF237EA7BF007AAAFF /* PhotoCell.swift */ = {isa = PBXFileReference; lastKnownFileType = sourcecode.swift; path = PhotoCell.swift; sourceTree = "<group>"; };
		EA81A0C1237EA7C8007AAAFF /* BaseCell.swift */ = {isa = PBXFileReference; lastKnownFileType = sourcecode.swift; path = BaseCell.swift; sourceTree = "<group>"; };
		EA81A0C4237EACE3007AAAFF /* Service.swift */ = {isa = PBXFileReference; lastKnownFileType = sourcecode.swift; path = Service.swift; sourceTree = "<group>"; };
		EA81A0C9237EAF62007AAAFF /* FlickrResults.swift */ = {isa = PBXFileReference; lastKnownFileType = sourcecode.swift; path = FlickrResults.swift; sourceTree = "<group>"; };
		EA81A0CC237EC26F007AAAFF /* Constants.swift */ = {isa = PBXFileReference; lastKnownFileType = sourcecode.swift; path = Constants.swift; sourceTree = "<group>"; };
		F2ABD9FAF5A9E97413BD99C6 /* Pods-FlickrService.debug.xcconfig */ = {isa = PBXFileReference; includeInIndex = 1; lastKnownFileType = text.xcconfig; name = "Pods-FlickrService.debug.xcconfig"; path = "Target Support Files/Pods-FlickrService/Pods-FlickrService.debug.xcconfig"; sourceTree = "<group>"; };
/* End PBXFileReference section */

/* Begin PBXFrameworksBuildPhase section */
		EA81A08B237EA603007AAAFF /* Frameworks */ = {
			isa = PBXFrameworksBuildPhase;
			buildActionMask = 2147483647;
			files = (
				11B279465C096D58518B204C /* Pods_FlickrService.framework in Frameworks */,
			);
			runOnlyForDeploymentPostprocessing = 0;
		};
/* End PBXFrameworksBuildPhase section */

/* Begin PBXGroup section */
		852410C83045B1D56F83D5D4 /* Frameworks */ = {
			isa = PBXGroup;
			children = (
				23535039A4E6ADA5A3829B28 /* Pods_FlickrService.framework */,
			);
			name = Frameworks;
			sourceTree = "<group>";
		};
		EA81A085237EA603007AAAFF = {
			isa = PBXGroup;
			children = (
				EA81A090237EA603007AAAFF /* FlickrService */,
				EA81A08F237EA603007AAAFF /* Products */,
				F1FA81CA55F2931313E6D06F /* Pods */,
				852410C83045B1D56F83D5D4 /* Frameworks */,
			);
			sourceTree = "<group>";
		};
		EA81A08F237EA603007AAAFF /* Products */ = {
			isa = PBXGroup;
			children = (
				EA81A08E237EA603007AAAFF /* FlickrService.app */,
			);
			name = Products;
			sourceTree = "<group>";
		};
		EA81A090237EA603007AAAFF /* FlickrService */ = {
			isa = PBXGroup;
			children = (
				EA81A097237EA603007AAAFF /* Main.storyboard */,
				EA81A09A237EA605007AAAFF /* Assets.xcassets */,
				EA81A09F237EA605007AAAFF /* Info.plist */,
				EA81A0CB237EC25D007AAAFF /* Constants */,
				EA81A0C6237EAE72007AAAFF /* Model */,
				EA81A0C3237EACD1007AAAFF /* Service */,
				EA81A0B9237EA680007AAAFF /* Home */,
				EA81A0BE237EA7AC007AAAFF /* View */,
				EA81A0A6237EA65E007AAAFF /* Helpers */,
				EA81A0A5237EA63E007AAAFF /* Supporting Files */,
			);
			path = FlickrService;
			sourceTree = "<group>";
		};
		EA81A0A5237EA63E007AAAFF /* Supporting Files */ = {
			isa = PBXGroup;
			children = (
				EA81A091237EA603007AAAFF /* AppDelegate.swift */,
				EA81A093237EA603007AAAFF /* SceneDelegate.swift */,
				EA81A095237EA603007AAAFF /* ViewController.swift */,
				EA81A09C237EA605007AAAFF /* LaunchScreen.storyboard */,
			);
			path = "Supporting Files";
			sourceTree = "<group>";
		};
		EA81A0A6237EA65E007AAAFF /* Helpers */ = {
			isa = PBXGroup;
			children = (
				EA81A0AA237EA675007AAAFF /* CAGradientLayer+Extension.swift */,
				EA81A0A9237EA675007AAAFF /* Constant.swift */,
				EA81A0AF237EA676007AAAFF /* UIColor+Extension.swift */,
				EA81A0A8237EA675007AAAFF /* UIFont+Extension.swift */,
				EA81A0A7237EA675007AAAFF /* UIImageView+Extension.swift */,
				EA81A0AB237EA675007AAAFF /* UILabel+Extension.swift */,
				EA81A0AD237EA676007AAAFF /* UIStackView+Extension.swift */,
				EA81A0AC237EA675007AAAFF /* UIView+Layout.swift */,
				EA81A0AE237EA676007AAAFF /* VerticalStackView.swift */,
			);
			path = Helpers;
			sourceTree = "<group>";
		};
		EA81A0B9237EA680007AAAFF /* Home */ = {
			isa = PBXGroup;
			children = (
				EA81A0BA237EA695007AAAFF /* BaseListController.swift */,
				EA81A0BC237EA6F8007AAAFF /* HomeController.swift */,
			);
			path = Home;
			sourceTree = "<group>";
		};
		EA81A0BE237EA7AC007AAAFF /* View */ = {
			isa = PBXGroup;
			children = (
				EA81A0BF237EA7BF007AAAFF /* PhotoCell.swift */,
				EA81A0C1237EA7C8007AAAFF /* BaseCell.swift */,
			);
			path = View;
			sourceTree = "<group>";
		};
		EA81A0C3237EACD1007AAAFF /* Service */ = {
			isa = PBXGroup;
			children = (
				EA81A0C4237EACE3007AAAFF /* Service.swift */,
			);
			path = Service;
			sourceTree = "<group>";
		};
		EA81A0C6237EAE72007AAAFF /* Model */ = {
			isa = PBXGroup;
			children = (
				EA81A0C9237EAF62007AAAFF /* FlickrResults.swift */,
			);
			path = Model;
			sourceTree = "<group>";
		};
		EA81A0CB237EC25D007AAAFF /* Constants */ = {
			isa = PBXGroup;
			children = (
				EA81A0CC237EC26F007AAAFF /* Constants.swift */,
			);
			path = Constants;
			sourceTree = "<group>";
		};
		F1FA81CA55F2931313E6D06F /* Pods */ = {
			isa = PBXGroup;
			children = (
				F2ABD9FAF5A9E97413BD99C6 /* Pods-FlickrService.debug.xcconfig */,
				212075978CC05FA71FF89648 /* Pods-FlickrService.release.xcconfig */,
			);
			name = Pods;
			path = Pods;
			sourceTree = "<group>";
		};
/* End PBXGroup section */

/* Begin PBXNativeTarget section */
		EA81A08D237EA603007AAAFF /* FlickrService */ = {
			isa = PBXNativeTarget;
			buildConfigurationList = EA81A0A2237EA605007AAAFF /* Build configuration list for PBXNativeTarget "FlickrService" */;
			buildPhases = (
				3BD2EF7813ABC7D4BDB85730 /* [CP] Check Pods Manifest.lock */,
				EA81A08A237EA603007AAAFF /* Sources */,
				EA81A08B237EA603007AAAFF /* Frameworks */,
				EA81A08C237EA603007AAAFF /* Resources */,
				59BED187114641E49E2EA54E /* [CP] Embed Pods Frameworks */,
			);
			buildRules = (
			);
			dependencies = (
			);
			name = FlickrService;
			productName = FlickrService;
			productReference = EA81A08E237EA603007AAAFF /* FlickrService.app */;
			productType = "com.apple.product-type.application";
		};
/* End PBXNativeTarget section */

/* Begin PBXProject section */
		EA81A086237EA603007AAAFF /* Project object */ = {
			isa = PBXProject;
			attributes = {
				LastSwiftUpdateCheck = 1120;
				LastUpgradeCheck = 1120;
				ORGANIZATIONNAME = "Ekrem TAŞKIRAN";
				TargetAttributes = {
					EA81A08D237EA603007AAAFF = {
						CreatedOnToolsVersion = 11.2.1;
					};
				};
			};
			buildConfigurationList = EA81A089237EA603007AAAFF /* Build configuration list for PBXProject "FlickrService" */;
			compatibilityVersion = "Xcode 9.3";
			developmentRegion = en;
			hasScannedForEncodings = 0;
			knownRegions = (
				en,
				Base,
			);
			mainGroup = EA81A085237EA603007AAAFF;
			productRefGroup = EA81A08F237EA603007AAAFF /* Products */;
			projectDirPath = "";
			projectRoot = "";
			targets = (
				EA81A08D237EA603007AAAFF /* FlickrService */,
			);
		};
/* End PBXProject section */

/* Begin PBXResourcesBuildPhase section */
		EA81A08C237EA603007AAAFF /* Resources */ = {
			isa = PBXResourcesBuildPhase;
			buildActionMask = 2147483647;
			files = (
				EA81A09E237EA605007AAAFF /* LaunchScreen.storyboard in Resources */,
				EA81A09B237EA605007AAAFF /* Assets.xcassets in Resources */,
				EA81A099237EA603007AAAFF /* Main.storyboard in Resources */,
			);
			runOnlyForDeploymentPostprocessing = 0;
		};
/* End PBXResourcesBuildPhase section */

/* Begin PBXShellScriptBuildPhase section */
		3BD2EF7813ABC7D4BDB85730 /* [CP] Check Pods Manifest.lock */ = {
			isa = PBXShellScriptBuildPhase;
			buildActionMask = 2147483647;
			files = (
			);
			inputFileListPaths = (
			);
			inputPaths = (
				"${PODS_PODFILE_DIR_PATH}/Podfile.lock",
				"${PODS_ROOT}/Manifest.lock",
			);
			name = "[CP] Check Pods Manifest.lock";
			outputFileListPaths = (
			);
			outputPaths = (
				"$(DERIVED_FILE_DIR)/Pods-FlickrService-checkManifestLockResult.txt",
			);
			runOnlyForDeploymentPostprocessing = 0;
			shellPath = /bin/sh;
			shellScript = "diff \"${PODS_PODFILE_DIR_PATH}/Podfile.lock\" \"${PODS_ROOT}/Manifest.lock\" > /dev/null\nif [ $? != 0 ] ; then\n    # print error to STDERR\n    echo \"error: The sandbox is not in sync with the Podfile.lock. Run 'pod install' or update your CocoaPods installation.\" >&2\n    exit 1\nfi\n# This output is used by Xcode 'outputs' to avoid re-running this script phase.\necho \"SUCCESS\" > \"${SCRIPT_OUTPUT_FILE_0}\"\n";
			showEnvVarsInLog = 0;
		};
		59BED187114641E49E2EA54E /* [CP] Embed Pods Frameworks */ = {
			isa = PBXShellScriptBuildPhase;
			buildActionMask = 2147483647;
			files = (
			);
			inputFileListPaths = (
				"${PODS_ROOT}/Target Support Files/Pods-FlickrService/Pods-FlickrService-frameworks-${CONFIGURATION}-input-files.xcfilelist",
			);
			name = "[CP] Embed Pods Frameworks";
			outputFileListPaths = (
				"${PODS_ROOT}/Target Support Files/Pods-FlickrService/Pods-FlickrService-frameworks-${CONFIGURATION}-output-files.xcfilelist",
			);
			runOnlyForDeploymentPostprocessing = 0;
			shellPath = /bin/sh;
			shellScript = "\"${PODS_ROOT}/Target Support Files/Pods-FlickrService/Pods-FlickrService-frameworks.sh\"\n";
			showEnvVarsInLog = 0;
		};
/* End PBXShellScriptBuildPhase section */

/* Begin PBXSourcesBuildPhase section */
		EA81A08A237EA603007AAAFF /* Sources */ = {
			isa = PBXSourcesBuildPhase;
			buildActionMask = 2147483647;
			files = (
				EA81A0B4237EA676007AAAFF /* UILabel+Extension.swift in Sources */,
				EA81A0CD237EC26F007AAAFF /* Constants.swift in Sources */,
				EA81A0C0237EA7BF007AAAFF /* PhotoCell.swift in Sources */,
				EA81A0B7237EA676007AAAFF /* VerticalStackView.swift in Sources */,
				EA81A0BD237EA6F8007AAAFF /* HomeController.swift in Sources */,
				EA81A0C2237EA7C8007AAAFF /* BaseCell.swift in Sources */,
				EA81A096237EA603007AAAFF /* ViewController.swift in Sources */,
				EA81A0B8237EA676007AAAFF /* UIColor+Extension.swift in Sources */,
				EA81A092237EA603007AAAFF /* AppDelegate.swift in Sources */,
				EA81A0BB237EA695007AAAFF /* BaseListController.swift in Sources */,
				EA81A0B6237EA676007AAAFF /* UIStackView+Extension.swift in Sources */,
				EA81A0B3237EA676007AAAFF /* CAGradientLayer+Extension.swift in Sources */,
				EA81A0CA237EAF62007AAAFF /* FlickrResults.swift in Sources */,
				EA81A0C5237EACE3007AAAFF /* Service.swift in Sources */,
				EA81A0B0237EA676007AAAFF /* UIImageView+Extension.swift in Sources */,
				EA81A0B5237EA676007AAAFF /* UIView+Layout.swift in Sources */,
				EA81A0B1237EA676007AAAFF /* UIFont+Extension.swift in Sources */,
				EA81A094237EA603007AAAFF /* SceneDelegate.swift in Sources */,
				EA81A0B2237EA676007AAAFF /* Constant.swift in Sources */,
			);
			runOnlyForDeploymentPostprocessing = 0;
		};
/* End PBXSourcesBuildPhase section */

/* Begin PBXVariantGroup section */
		EA81A097237EA603007AAAFF /* Main.storyboard */ = {
			isa = PBXVariantGroup;
			children = (
				EA81A098237EA603007AAAFF /* Base */,
			);
			name = Main.storyboard;
			sourceTree = "<group>";
		};
		EA81A09C237EA605007AAAFF /* LaunchScreen.storyboard */ = {
			isa = PBXVariantGroup;
			children = (
				EA81A09D237EA605007AAAFF /* Base */,
			);
			name = LaunchScreen.storyboard;
			sourceTree = "<group>";
		};
/* End PBXVariantGroup section */

/* Begin XCBuildConfiguration section */
		EA81A0A0237EA605007AAAFF /* Debug */ = {
			isa = XCBuildConfiguration;
			buildSettings = {
				ALWAYS_SEARCH_USER_PATHS = NO;
				CLANG_ANALYZER_NONNULL = YES;
				CLANG_ANALYZER_NUMBER_OBJECT_CONVERSION = YES_AGGRESSIVE;
				CLANG_CXX_LANGUAGE_STANDARD = "gnu++14";
				CLANG_CXX_LIBRARY = "libc++";
				CLANG_ENABLE_MODULES = YES;
				CLANG_ENABLE_OBJC_ARC = YES;
				CLANG_ENABLE_OBJC_WEAK = YES;
				CLANG_WARN_BLOCK_CAPTURE_AUTORELEASING = YES;
				CLANG_WARN_BOOL_CONVERSION = YES;
				CLANG_WARN_COMMA = YES;
				CLANG_WARN_CONSTANT_CONVERSION = YES;
				CLANG_WARN_DEPRECATED_OBJC_IMPLEMENTATIONS = YES;
				CLANG_WARN_DIRECT_OBJC_ISA_USAGE = YES_ERROR;
				CLANG_WARN_DOCUMENTATION_COMMENTS = YES;
				CLANG_WARN_EMPTY_BODY = YES;
				CLANG_WARN_ENUM_CONVERSION = YES;
				CLANG_WARN_INFINITE_RECURSION = YES;
				CLANG_WARN_INT_CONVERSION = YES;
				CLANG_WARN_NON_LITERAL_NULL_CONVERSION = YES;
				CLANG_WARN_OBJC_IMPLICIT_RETAIN_SELF = YES;
				CLANG_WARN_OBJC_LITERAL_CONVERSION = YES;
				CLANG_WARN_OBJC_ROOT_CLASS = YES_ERROR;
				CLANG_WARN_RANGE_LOOP_ANALYSIS = YES;
				CLANG_WARN_STRICT_PROTOTYPES = YES;
				CLANG_WARN_SUSPICIOUS_MOVE = YES;
				CLANG_WARN_UNGUARDED_AVAILABILITY = YES_AGGRESSIVE;
				CLANG_WARN_UNREACHABLE_CODE = YES;
				CLANG_WARN__DUPLICATE_METHOD_MATCH = YES;
				COPY_PHASE_STRIP = NO;
				DEBUG_INFORMATION_FORMAT = dwarf;
				ENABLE_STRICT_OBJC_MSGSEND = YES;
				ENABLE_TESTABILITY = YES;
				GCC_C_LANGUAGE_STANDARD = gnu11;
				GCC_DYNAMIC_NO_PIC = NO;
				GCC_NO_COMMON_BLOCKS = YES;
				GCC_OPTIMIZATION_LEVEL = 0;
				GCC_PREPROCESSOR_DEFINITIONS = (
					"DEBUG=1",
					"$(inherited)",
				);
				GCC_WARN_64_TO_32_BIT_CONVERSION = YES;
				GCC_WARN_ABOUT_RETURN_TYPE = YES_ERROR;
				GCC_WARN_UNDECLARED_SELECTOR = YES;
				GCC_WARN_UNINITIALIZED_AUTOS = YES_AGGRESSIVE;
				GCC_WARN_UNUSED_FUNCTION = YES;
				GCC_WARN_UNUSED_VARIABLE = YES;
				IPHONEOS_DEPLOYMENT_TARGET = 13.2;
				MTL_ENABLE_DEBUG_INFO = INCLUDE_SOURCE;
				MTL_FAST_MATH = YES;
				ONLY_ACTIVE_ARCH = YES;
				SDKROOT = iphoneos;
				SWIFT_ACTIVE_COMPILATION_CONDITIONS = DEBUG;
				SWIFT_OPTIMIZATION_LEVEL = "-Onone";
			};
			name = Debug;
		};
		EA81A0A1237EA605007AAAFF /* Release */ = {
			isa = XCBuildConfiguration;
			buildSettings = {
				ALWAYS_SEARCH_USER_PATHS = NO;
				CLANG_ANALYZER_NONNULL = YES;
				CLANG_ANALYZER_NUMBER_OBJECT_CONVERSION = YES_AGGRESSIVE;
				CLANG_CXX_LANGUAGE_STANDARD = "gnu++14";
				CLANG_CXX_LIBRARY = "libc++";
				CLANG_ENABLE_MODULES = YES;
				CLANG_ENABLE_OBJC_ARC = YES;
				CLANG_ENABLE_OBJC_WEAK = YES;
				CLANG_WARN_BLOCK_CAPTURE_AUTORELEASING = YES;
				CLANG_WARN_BOOL_CONVERSION = YES;
				CLANG_WARN_COMMA = YES;
				CLANG_WARN_CONSTANT_CONVERSION = YES;
				CLANG_WARN_DEPRECATED_OBJC_IMPLEMENTATIONS = YES;
				CLANG_WARN_DIRECT_OBJC_ISA_USAGE = YES_ERROR;
				CLANG_WARN_DOCUMENTATION_COMMENTS = YES;
				CLANG_WARN_EMPTY_BODY = YES;
				CLANG_WARN_ENUM_CONVERSION = YES;
				CLANG_WARN_INFINITE_RECURSION = YES;
				CLANG_WARN_INT_CONVERSION = YES;
				CLANG_WARN_NON_LITERAL_NULL_CONVERSION = YES;
				CLANG_WARN_OBJC_IMPLICIT_RETAIN_SELF = YES;
				CLANG_WARN_OBJC_LITERAL_CONVERSION = YES;
				CLANG_WARN_OBJC_ROOT_CLASS = YES_ERROR;
				CLANG_WARN_RANGE_LOOP_ANALYSIS = YES;
				CLANG_WARN_STRICT_PROTOTYPES = YES;
				CLANG_WARN_SUSPICIOUS_MOVE = YES;
				CLANG_WARN_UNGUARDED_AVAILABILITY = YES_AGGRESSIVE;
				CLANG_WARN_UNREACHABLE_CODE = YES;
				CLANG_WARN__DUPLICATE_METHOD_MATCH = YES;
				COPY_PHASE_STRIP = NO;
				DEBUG_INFORMATION_FORMAT = "dwarf-with-dsym";
				ENABLE_NS_ASSERTIONS = NO;
				ENABLE_STRICT_OBJC_MSGSEND = YES;
				GCC_C_LANGUAGE_STANDARD = gnu11;
				GCC_NO_COMMON_BLOCKS = YES;
				GCC_WARN_64_TO_32_BIT_CONVERSION = YES;
				GCC_WARN_ABOUT_RETURN_TYPE = YES_ERROR;
				GCC_WARN_UNDECLARED_SELECTOR = YES;
				GCC_WARN_UNINITIALIZED_AUTOS = YES_AGGRESSIVE;
				GCC_WARN_UNUSED_FUNCTION = YES;
				GCC_WARN_UNUSED_VARIABLE = YES;
				IPHONEOS_DEPLOYMENT_TARGET = 13.2;
				MTL_ENABLE_DEBUG_INFO = NO;
				MTL_FAST_MATH = YES;
				SDKROOT = iphoneos;
				SWIFT_COMPILATION_MODE = wholemodule;
				SWIFT_OPTIMIZATION_LEVEL = "-O";
				VALIDATE_PRODUCT = YES;
			};
			name = Release;
		};
		EA81A0A3237EA605007AAAFF /* Debug */ = {
			isa = XCBuildConfiguration;
			baseConfigurationReference = F2ABD9FAF5A9E97413BD99C6 /* Pods-FlickrService.debug.xcconfig */;
			buildSettings = {
				ASSETCATALOG_COMPILER_APPICON_NAME = AppIcon;
				CODE_SIGN_STYLE = Automatic;
				DEVELOPMENT_TEAM = JES6KDUZ5B;
				INFOPLIST_FILE = FlickrService/Info.plist;
				LD_RUNPATH_SEARCH_PATHS = (
					"$(inherited)",
					"@executable_path/Frameworks",
				);
				PRODUCT_BUNDLE_IDENTIFIER = com.perpeer.FlickrService;
				PRODUCT_NAME = "$(TARGET_NAME)";
				SWIFT_VERSION = 5.0;
				TARGETED_DEVICE_FAMILY = "1,2";
			};
			name = Debug;
		};
		EA81A0A4237EA605007AAAFF /* Release */ = {
			isa = XCBuildConfiguration;
			baseConfigurationReference = 212075978CC05FA71FF89648 /* Pods-FlickrService.release.xcconfig */;
			buildSettings = {
				ASSETCATALOG_COMPILER_APPICON_NAME = AppIcon;
				CODE_SIGN_STYLE = Automatic;
				DEVELOPMENT_TEAM = JES6KDUZ5B;
				INFOPLIST_FILE = FlickrService/Info.plist;
				LD_RUNPATH_SEARCH_PATHS = (
					"$(inherited)",
					"@executable_path/Frameworks",
				);
				PRODUCT_BUNDLE_IDENTIFIER = com.perpeer.FlickrService;
				PRODUCT_NAME = "$(TARGET_NAME)";
				SWIFT_VERSION = 5.0;
				TARGETED_DEVICE_FAMILY = "1,2";
			};
			name = Release;
		};
/* End XCBuildConfiguration section */

/* Begin XCConfigurationList section */
		EA81A089237EA603007AAAFF /* Build configuration list for PBXProject "FlickrService" */ = {
			isa = XCConfigurationList;
			buildConfigurations = (
				EA81A0A0237EA605007AAAFF /* Debug */,
				EA81A0A1237EA605007AAAFF /* Release */,
			);
			defaultConfigurationIsVisible = 0;
			defaultConfigurationName = Release;
		};
		EA81A0A2237EA605007AAAFF /* Build configuration list for PBXNativeTarget "FlickrService" */ = {
			isa = XCConfigurationList;
			buildConfigurations = (
				EA81A0A3237EA605007AAAFF /* Debug */,
				EA81A0A4237EA605007AAAFF /* Release */,
			);
			defaultConfigurationIsVisible = 0;
			defaultConfigurationName = Release;
		};
/* End XCConfigurationList section */
	};
	rootObject = EA81A086237EA603007AAAFF /* Project object */;
}
